
Microsoft Visual Studio Solution File, Format Version 12.00
# Visual Studio 2013
VisualStudioVersion = 12.0.40629.0
MinimumVisualStudioVersion = 10.0.40219.1
Project("{FAE04EC0-301F-11D3-BF4B-00C04F79EFBC}") = "StatsMon", "StatsMon\StatsMon.csproj", "{ABF65164-72F3-4B17-9CB7-F88B26F32274}"
EndProject
Global
	GlobalSection(SolutionConfigurationPlatforms) = preSolution
		Debug|Any CPU = Debug|Any CPU
		Release|Any CPU = Release|Any CPU
	EndGlobalSection
	GlobalSection(ProjectConfigurationPlatforms) = postSolution
		{ABF65164-72F3-4B17-9CB7-F88B26F32274}.Debug|Any CPU.ActiveCfg = Debug|Any CPU
		{ABF65164-72F3-4B17-9CB7-F88B26F32274}.Debug|Any CPU.Build.0 = Debug|Any CPU
		{ABF65164-72F3-4B17-9CB7-F88B26F32274}.Release|Any CPU.ActiveCfg = Release|Any CPU
		{ABF65164-72F3-4B17-9CB7-F88B26F32274}.Release|Any CPU.Build.0 = Release|Any CPU
	EndGlobalSection
	GlobalSection(SolutionProperties) = preSolution
		HideSolutionNode = FALSE
	EndGlobalSection
EndGlobal
